DEPENDENCIES
  aws
    git: https://github.com/kinesisptyltd/cookbook-aws.git
    revision: 3f58e61f10b52318992929f5bd2ee9132209aadb
  aws-nat
    path: .
    metadata: true

GRAPH
  aws (1.0.0)
    ohai (>= 0.0.0)
  aws-nat (1.0.0)
    aws (>= 0.0.0)
    iptables (~> 1.0.0)
    sysctl (~> 0.6.2)
  iptables (1.0.0)
  ohai (2.0.1)
  sysctl (0.6.2)
    ohai (>= 0.0.0)
